# THIS IS AN AUTOGENERATED FILE. DO NOT EDIT THIS FILE DIRECTLY.
# yarn lockfile v1


as-number@^1.0.0:
  version "1.0.0"
  resolved "https://registry.yarnpkg.com/as-number/-/as-number-1.0.0.tgz#acb27e34f8f9d8ab0da9e376f3b8959860f80a66"

buffer-equal@0.0.1:
  version "0.0.1"
  resolved "https://registry.yarnpkg.com/buffer-equal/-/buffer-equal-0.0.1.tgz#91bc74b11ea405bc916bc6aa908faafa5b4aac4b"

canvas@^1.4.0:
  version "1.6.9"
  resolved "https://registry.yarnpkg.com/canvas/-/canvas-1.6.9.tgz#e3f95cec7b16bf2d6f3fc725c02d940d3258f69b"
  dependencies:
    nan "^2.4.0"

convert-bmfont@^1.0.2:
  version "1.0.2"
  resolved "https://registry.yarnpkg.com/convert-bmfont/-/convert-bmfont-1.0.2.tgz#74ff479384871c32082efef439a17ad88d7b99ec"
  dependencies:
    load-bmfont "^1.2.0"
    minimist "^1.1.1"
    write-bmfont-binary "^1.0.0"
    xtend "^4.0.0"

dom-walk@^0.1.0:
  version "0.1.1"
  resolved "https://registry.yarnpkg.com/dom-walk/-/dom-walk-0.1.1.tgz#672226dc74c8f799ad35307df936aba11acd6018"

for-each@^0.3.2:
  version "0.3.2"
  resolved "https://registry.yarnpkg.com/for-each/-/for-each-0.3.2.tgz#2c40450b9348e97f281322593ba96704b9abd4d4"
  dependencies:
    is-function "~1.0.0"

global@~4.3.0:
  version "4.3.2"
  resolved "https://registry.yarnpkg.com/global/-/global-4.3.2.tgz#e76989268a6c74c38908b1305b10fc0e394e9d0f"
  dependencies:
    min-document "^2.19.0"
    process "~0.5.1"

is-function@^1.0.1, is-function@~1.0.0:
  version "1.0.1"
  resolved "https://registry.yarnpkg.com/is-function/-/is-function-1.0.1.tgz#12cfb98b65b57dd3d193a3121f5f6e2f437602b5"

load-bmfont@^1.2.0:
  version "1.3.0"
  resolved "https://registry.yarnpkg.com/load-bmfont/-/load-bmfont-1.3.0.tgz#bb7e7c710de6bcafcb13cb3b8c81e0c0131ecbc9"
  dependencies:
    buffer-equal "0.0.1"
    mime "^1.3.4"
    parse-bmfont-ascii "^1.0.3"
    parse-bmfont-binary "^1.0.5"
    parse-bmfont-xml "^1.1.0"
    xhr "^2.0.1"
    xtend "^4.0.0"

map-limit@0.0.1:
  version "0.0.1"
  resolved "https://registry.yarnpkg.com/map-limit/-/map-limit-0.0.1.tgz#eb7961031c0f0e8d001bf2d56fab685d58822f38"
  dependencies:
    once "~1.3.0"

mime@^1.3.4:
  version "1.6.0"
  resolved "https://registry.yarnpkg.com/mime/-/mime-1.6.0.tgz#32cd9e5c64553bd58d19a568af452acff04981b1"

min-document@^2.19.0:
  version "2.19.0"
  resolved "https://registry.yarnpkg.com/min-document/-/min-document-2.19.0.tgz#7bd282e3f5842ed295bb748cdd9f1ffa2c824685"
  dependencies:
    dom-walk "^0.1.0"

minimist@^1.1.1:
  version "1.2.0"
  resolved "https://registry.yarnpkg.com/minimist/-/minimist-1.2.0.tgz#a35008b20f41383eec1fb914f4cd5df79a264284"

msdf-bmfont@^1.0.1:
  version "1.0.1"
  resolved "https://registry.yarnpkg.com/msdf-bmfont/-/msdf-bmfont-1.0.1.tgz#8af356e458360e32da0aca30ead369593819b183"
  dependencies:
    canvas "^1.4.0"
    map-limit "0.0.1"
    multi-bin-packer "^1.1.3"
    opentype.js "^0.6.4"

multi-bin-packer@^1.1.3:
  version "1.1.3"
  resolved "https://registry.yarnpkg.com/multi-bin-packer/-/multi-bin-packer-1.1.3.tgz#260c1e55de287f732f550d241396ef2f1e872cb3"

nan@^2.4.0:
  version "2.8.0"
  resolved "https://registry.yarnpkg.com/nan/-/nan-2.8.0.tgz#ed715f3fe9de02b57a5e6252d90a96675e1f085a"

once@~1.3.0:
  version "1.3.3"
  resolved "https://registry.yarnpkg.com/once/-/once-1.3.3.tgz#b2e261557ce4c314ec8304f3fa82663e4297ca20"
  dependencies:
    wrappy "1"

opentype.js@^0.6.4:
  version "0.6.9"
  resolved "https://registry.yarnpkg.com/opentype.js/-/opentype.js-0.6.9.tgz#eb4db21ff58a12b2db78a652d7a4bf9605253089"
  dependencies:
    tiny-inflate "^1.0.2"

parse-bmfont-ascii@^1.0.3:
  version "1.0.6"
  resolved "https://registry.yarnpkg.com/parse-bmfont-ascii/-/parse-bmfont-ascii-1.0.6.tgz#11ac3c3ff58f7c2020ab22769079108d4dfa0285"

parse-bmfont-binary@^1.0.5:
  version "1.0.6"
  resolved "https://registry.yarnpkg.com/parse-bmfont-binary/-/parse-bmfont-binary-1.0.6.tgz#d038b476d3e9dd9db1e11a0b0e53a22792b69006"

parse-bmfont-xml@^1.1.0:
  version "1.1.3"
  resolved "https://registry.yarnpkg.com/parse-bmfont-xml/-/parse-bmfont-xml-1.1.3.tgz#d6b66a371afd39c5007d9f0eeb262a4f2cce7b7c"
  dependencies:
    xml-parse-from-string "^1.0.0"
    xml2js "^0.4.5"

parse-headers@^2.0.0:
  version "2.0.1"
  resolved "https://registry.yarnpkg.com/parse-headers/-/parse-headers-2.0.1.tgz#6ae83a7aa25a9d9b700acc28698cd1f1ed7e9536"
  dependencies:
    for-each "^0.3.2"
    trim "0.0.1"

process@~0.5.1:
  version "0.5.2"
  resolved "https://registry.yarnpkg.com/process/-/process-0.5.2.tgz#1638d8a8e34c2f440a91db95ab9aeb677fc185cf"

sax@>=0.6.0:
  version "1.2.4"
  resolved "https://registry.yarnpkg.com/sax/-/sax-1.2.4.tgz#2816234e2378bddc4e5354fab5caa895df7100d9"

tiny-inflate@^1.0.2:
  version "1.0.2"
  resolved "https://registry.yarnpkg.com/tiny-inflate/-/tiny-inflate-1.0.2.tgz#93d9decffc8805bd57eae4310f0b745e9b6fb3a7"

trim@0.0.1:
  version "0.0.1"
  resolved "https://registry.yarnpkg.com/trim/-/trim-0.0.1.tgz#5858547f6b290757ee95cccc666fb50084c460dd"

wrappy@1:
  version "1.0.2"
  resolved "https://registry.yarnpkg.com/wrappy/-/wrappy-1.0.2.tgz#b5243d8f3ec1aa35f1364605bc0d1036e30ab69f"

write-bmfont-binary@^1.0.0:
  version "1.0.3"
  resolved "https://registry.yarnpkg.com/write-bmfont-binary/-/write-bmfont-binary-1.0.3.tgz#541f43db02a168a0ef7d88d7a7ec6364edb4393d"
  dependencies:
    as-number "^1.0.0"

xhr@^2.0.1:
  version "2.4.1"
  resolved "https://registry.yarnpkg.com/xhr/-/xhr-2.4.1.tgz#ba982cced205ae5eec387169ac9dc77ca4853d38"
  dependencies:
    global "~4.3.0"
    is-function "^1.0.1"
    parse-headers "^2.0.0"
    xtend "^4.0.0"

xml-parse-from-string@^1.0.0:
  version "1.0.1"
  resolved "https://registry.yarnpkg.com/xml-parse-from-string/-/xml-parse-from-string-1.0.1.tgz#a9029e929d3dbcded169f3c6e28238d95a5d5a28"

xml2js@^0.4.5:
  version "0.4.19"
  resolved "https://registry.yarnpkg.com/xml2js/-/xml2js-0.4.19.tgz#686c20f213209e94abf0d1bcf1efaa291c7827a7"
  dependencies:
    sax ">=0.6.0"
    xmlbuilder "~9.0.1"

xmlbuilder@~9.0.1:
  version "9.0.4"
  resolved "https://registry.yarnpkg.com/xmlbuilder/-/xmlbuilder-9.0.4.tgz#519cb4ca686d005a8420d3496f3f0caeecca580f"

xtend@^4.0.0:
  version "4.0.1"
  resolved "https://registry.yarnpkg.com/xtend/-/xtend-4.0.1.tgz#a5c6d532be656e23db820efb943a1f04998d63af"
